
Microsoft Visual Studio Solution File, Format Version 12.00
# Visual Studio Version 17
VisualStudioVersion = 17.11.35303.130
MinimumVisualStudioVersion = 10.0.40219.1
Project("{FAE04EC0-301F-11D3-BF4B-00C04F79EFBC}") = "SFund.Web", "SFund.Web\SFund.Web.csproj", "{20B37502-456B-4CBB-B337-DE883639526D}"
EndProject
Project("{FAE04EC0-301F-11D3-BF4B-00C04F79EFBC}") = "SFund.Data", "SFund.Data\SFund.Data.csproj", "{E2F92CBC-51D8-40C2-8526-2488A77F3636}"
EndProject
Global
	GlobalSection(SolutionConfigurationPlatforms) = preSolution
		Debug|Any CPU = Debug|Any CPU
		Release|Any CPU = Release|Any CPU
	EndGlobalSection
	GlobalSection(ProjectConfigurationPlatforms) = postSolution
		{20B37502-456B-4CBB-B337-DE883639526D}.Debug|Any CPU.ActiveCfg = Debug|Any CPU
		{20B37502-456B-4CBB-B337-DE883639526D}.Debug|Any CPU.Build.0 = Debug|Any CPU
		{20B37502-456B-4CBB-B337-DE883639526D}.Release|Any CPU.ActiveCfg = Release|Any CPU
		{20B37502-456B-4CBB-B337-DE883639526D}.Release|Any CPU.Build.0 = Release|Any CPU
		{E2F92CBC-51D8-40C2-8526-2488A77F3636}.Debug|Any CPU.ActiveCfg = Debug|Any CPU
		{E2F92CBC-51D8-40C2-8526-2488A77F3636}.Debug|Any CPU.Build.0 = Debug|Any CPU
		{E2F92CBC-51D8-40C2-8526-2488A77F3636}.Release|Any CPU.ActiveCfg = Release|Any CPU
		{E2F92CBC-51D8-40C2-8526-2488A77F3636}.Release|Any CPU.Build.0 = Release|Any CPU
	EndGlobalSection
	GlobalSection(SolutionProperties) = preSolution
		HideSolutionNode = FALSE
	EndGlobalSection
	GlobalSection(ExtensibilityGlobals) = postSolution
		SolutionGuid = {3FCCB544-0AD2-4232-B67E-26E588C5B08E}
	EndGlobalSection
EndGlobal
